
Microsoft Visual Studio Solution File, Format Version 12.00
# Visual Studio 15
VisualStudioVersion = 15.0.28307.645
MinimumVisualStudioVersion = 10.0.40219.1
Project("{FAE04EC0-301F-11D3-BF4B-00C04F79EFBC}") = "ShapeArea", "ShapeArea\ShapeArea.csproj", "{D6FB6034-BE62-41F9-87F3-47A929AC1AD3}"
EndProject
Project("{FAE04EC0-301F-11D3-BF4B-00C04F79EFBC}") = "UnitTestShapeStrategy", "UnitTestShapeStrategy\UnitTestShapeStrategy.csproj", "{1528EF39-306F-4AEF-8020-27FFF024B269}"
EndProject
Global
	GlobalSection(SolutionConfigurationPlatforms) = preSolution
		Debug|Any CPU = Debug|Any CPU
		Release|Any CPU = Release|Any CPU
	EndGlobalSection
	GlobalSection(ProjectConfigurationPlatforms) = postSolution
		{D6FB6034-BE62-41F9-87F3-47A929AC1AD3}.Debug|Any CPU.ActiveCfg = Debug|Any CPU
		{D6FB6034-BE62-41F9-87F3-47A929AC1AD3}.Debug|Any CPU.Build.0 = Debug|Any CPU
		{D6FB6034-BE62-41F9-87F3-47A929AC1AD3}.Release|Any CPU.ActiveCfg = Release|Any CPU
		{D6FB6034-BE62-41F9-87F3-47A929AC1AD3}.Release|Any CPU.Build.0 = Release|Any CPU
		{1528EF39-306F-4AEF-8020-27FFF024B269}.Debug|Any CPU.ActiveCfg = Debug|Any CPU
		{1528EF39-306F-4AEF-8020-27FFF024B269}.Debug|Any CPU.Build.0 = Debug|Any CPU
		{1528EF39-306F-4AEF-8020-27FFF024B269}.Release|Any CPU.ActiveCfg = Release|Any CPU
		{1528EF39-306F-4AEF-8020-27FFF024B269}.Release|Any CPU.Build.0 = Release|Any CPU
	EndGlobalSection
	GlobalSection(SolutionProperties) = preSolution
		HideSolutionNode = FALSE
	EndGlobalSection
	GlobalSection(ExtensibilityGlobals) = postSolution
		SolutionGuid = {CCDC5832-EB89-4B36-9481-878BB1E18E93}
	EndGlobalSection
EndGlobal
